
Microsoft Visual Studio Solution File, Format Version 12.00
# Visual Studio Version 16
VisualStudioVersion = 16.0.28803.202
MinimumVisualStudioVersion = 10.0.40219.1
Project("{FAE04EC0-301F-11D3-BF4B-00C04F79EFBC}") = "Chapter2CopyingElement", "Chapter2CopyingElement\Chapter2CopyingElement.csproj", "{1B5F27CC-E395-4C6A-ACDA-F6B91FCA9BBA}"
EndProject
Project("{9A19103F-16F7-4668-BE54-9A1E7A4F7556}") = "Chapter4DynamicTyping", "ConsoleApp1\Chapter4DynamicTyping.csproj", "{C65350C8-9929-4E9A-9A00-DAF875118AFC}"
EndProject
Project("{FAE04EC0-301F-11D3-BF4B-00C04F79EFBC}") = "Chapter5AsyncTask", "Chapter5AsyncTask\Chapter5AsyncTask.csproj", "{46DE86DE-64AD-4AB1-81C4-4E2060EBA08F}"
EndProject
Global
	GlobalSection(SolutionConfigurationPlatforms) = preSolution
		Debug|Any CPU = Debug|Any CPU
		Release|Any CPU = Release|Any CPU
	EndGlobalSection
	GlobalSection(ProjectConfigurationPlatforms) = postSolution
		{1B5F27CC-E395-4C6A-ACDA-F6B91FCA9BBA}.Debug|Any CPU.ActiveCfg = Debug|Any CPU
		{1B5F27CC-E395-4C6A-ACDA-F6B91FCA9BBA}.Debug|Any CPU.Build.0 = Debug|Any CPU
		{1B5F27CC-E395-4C6A-ACDA-F6B91FCA9BBA}.Release|Any CPU.ActiveCfg = Release|Any CPU
		{1B5F27CC-E395-4C6A-ACDA-F6B91FCA9BBA}.Release|Any CPU.Build.0 = Release|Any CPU
		{C65350C8-9929-4E9A-9A00-DAF875118AFC}.Debug|Any CPU.ActiveCfg = Debug|Any CPU
		{C65350C8-9929-4E9A-9A00-DAF875118AFC}.Debug|Any CPU.Build.0 = Debug|Any CPU
		{C65350C8-9929-4E9A-9A00-DAF875118AFC}.Release|Any CPU.ActiveCfg = Release|Any CPU
		{C65350C8-9929-4E9A-9A00-DAF875118AFC}.Release|Any CPU.Build.0 = Release|Any CPU
		{46DE86DE-64AD-4AB1-81C4-4E2060EBA08F}.Debug|Any CPU.ActiveCfg = Debug|Any CPU
		{46DE86DE-64AD-4AB1-81C4-4E2060EBA08F}.Debug|Any CPU.Build.0 = Debug|Any CPU
		{46DE86DE-64AD-4AB1-81C4-4E2060EBA08F}.Release|Any CPU.ActiveCfg = Release|Any CPU
		{46DE86DE-64AD-4AB1-81C4-4E2060EBA08F}.Release|Any CPU.Build.0 = Release|Any CPU
	EndGlobalSection
	GlobalSection(SolutionProperties) = preSolution
		HideSolutionNode = FALSE
	EndGlobalSection
	GlobalSection(ExtensibilityGlobals) = postSolution
		SolutionGuid = {DC1676E6-3C6C-4DC6-8D12-6874BB19DFAD}
	EndGlobalSection
EndGlobal
